
Microsoft Visual Studio Solution File, Format Version 12.00
# Visual Studio Version 17
VisualStudioVersion = 17.5.002.0
MinimumVisualStudioVersion = 10.0.40219.1
Project("{9A19103F-16F7-4668-BE54-9A1E7A4F7556}") = "awsx-elb-vpc-csharp", "awsx-elb-vpc-csharp.csproj", "{359A0070-5484-4C8E-8A13-2AFE4EB5E2F9}"
EndProject
Global
	GlobalSection(SolutionConfigurationPlatforms) = preSolution
		Debug|Any CPU = Debug|Any CPU
		Release|Any CPU = Release|Any CPU
	EndGlobalSection
	GlobalSection(ProjectConfigurationPlatforms) = postSolution
		{359A0070-5484-4C8E-8A13-2AFE4EB5E2F9}.Debug|Any CPU.ActiveCfg = Debug|Any CPU
		{359A0070-5484-4C8E-8A13-2AFE4EB5E2F9}.Debug|Any CPU.Build.0 = Debug|Any CPU
		{359A0070-5484-4C8E-8A13-2AFE4EB5E2F9}.Release|Any CPU.ActiveCfg = Release|Any CPU
		{359A0070-5484-4C8E-8A13-2AFE4EB5E2F9}.Release|Any CPU.Build.0 = Release|Any CPU
	EndGlobalSection
	GlobalSection(SolutionProperties) = preSolution
		HideSolutionNode = FALSE
	EndGlobalSection
	GlobalSection(ExtensibilityGlobals) = postSolution
		SolutionGuid = {DF652909-A7FE-4CA8-93F6-A222728EA072}
	EndGlobalSection
EndGlobal
