github.com/pulumi/registry/themes/default v0.0.0-20220708145929-b57878f85ac6 h1:tl9zN5sOJf+bJw9fqMg3Sc5iWMFSSLQ6a52r+XqPB+s=
github.com/pulumi/registry/themes/default v0.0.0-20220708145929-b57878f85ac6/go.mod h1:QSvobZqmJMqVmn3BTfSiYkbRKtJHhSA8gotu/pD1a0w=
github.com/pulumi/registry/themes/default v0.0.0-20220708214552-e7da6c59900e h1:rIeI8PWfRzM9mZf2d1VUpEhgfjPSC+pe2DXWfT35SFg=
github.com/pulumi/registry/themes/default v0.0.0-20220708214552-e7da6c59900e/go.mod h1:QSvobZqmJMqVmn3BTfSiYkbRKtJHhSA8gotu/pD1a0w=
github.com/pulumi/theme v0.0.0-20220707223129-22a3e1ce16f4 h1:3L6+5NONwXSLcvcNQW2HtlCaCimwxi5K4SXI3Y9I2B0=
github.com/pulumi/theme v0.0.0-20220707223129-22a3e1ce16f4/go.mod h1:Ksr+ztEgwxDLYFRalb0SYu4WcGROgnF35iILealOMno=
github.com/pulumi/theme v0.0.0-20220710025324-6d1855c4756e h1:Fz7Bec1lvzFMZaGcHKGx9aTICC6UZL2KbUR/eNi/Lvs=
github.com/pulumi/theme v0.0.0-20220710025324-6d1855c4756e/go.mod h1:Ksr+ztEgwxDLYFRalb0SYu4WcGROgnF35iILealOMno=
